
Microsoft Visual Studio Solution File, Format Version 11.00
# Visual Studio 2010
Project("{FAE04EC0-301F-11D3-BF4B-00C04F79EFBC}") = "WLG", "WLG\WLG.csproj", "{1A63A336-3AA8-4E07-A56F-116D465F627D}"
EndProject
Project("{FAE04EC0-301F-11D3-BF4B-00C04F79EFBC}") = "WLG.IDAL", "WLG.IDAL\WLG.IDAL.csproj", "{4388AD6B-0773-4319-8283-307E901F18A7}"
EndProject
Project("{FAE04EC0-301F-11D3-BF4B-00C04F79EFBC}") = "WLG.DAL", "WLG.DAL\WLG.DAL.csproj", "{D46FE398-8288-401C-8200-893B3650BC60}"
EndProject
Project("{FAE04EC0-301F-11D3-BF4B-00C04F79EFBC}") = "WLG.Model", "WLG.Model\WLG.Model.csproj", "{B83F3623-7E52-4045-9663-03ECCFC7A7C4}"
EndProject
Global
	GlobalSection(SolutionConfigurationPlatforms) = preSolution
		Debug|Any CPU = Debug|Any CPU
		Release|Any CPU = Release|Any CPU
	EndGlobalSection
	GlobalSection(ProjectConfigurationPlatforms) = postSolution
		{1A63A336-3AA8-4E07-A56F-116D465F627D}.Debug|Any CPU.ActiveCfg = Debug|Any CPU
		{1A63A336-3AA8-4E07-A56F-116D465F627D}.Debug|Any CPU.Build.0 = Debug|Any CPU
		{1A63A336-3AA8-4E07-A56F-116D465F627D}.Release|Any CPU.ActiveCfg = Release|Any CPU
		{1A63A336-3AA8-4E07-A56F-116D465F627D}.Release|Any CPU.Build.0 = Release|Any CPU
		{4388AD6B-0773-4319-8283-307E901F18A7}.Debug|Any CPU.ActiveCfg = Debug|Any CPU
		{4388AD6B-0773-4319-8283-307E901F18A7}.Debug|Any CPU.Build.0 = Debug|Any CPU
		{4388AD6B-0773-4319-8283-307E901F18A7}.Release|Any CPU.ActiveCfg = Release|Any CPU
		{4388AD6B-0773-4319-8283-307E901F18A7}.Release|Any CPU.Build.0 = Release|Any CPU
		{D46FE398-8288-401C-8200-893B3650BC60}.Debug|Any CPU.ActiveCfg = Debug|Any CPU
		{D46FE398-8288-401C-8200-893B3650BC60}.Debug|Any CPU.Build.0 = Debug|Any CPU
		{D46FE398-8288-401C-8200-893B3650BC60}.Release|Any CPU.ActiveCfg = Release|Any CPU
		{D46FE398-8288-401C-8200-893B3650BC60}.Release|Any CPU.Build.0 = Release|Any CPU
		{B83F3623-7E52-4045-9663-03ECCFC7A7C4}.Debug|Any CPU.ActiveCfg = Debug|Any CPU
		{B83F3623-7E52-4045-9663-03ECCFC7A7C4}.Debug|Any CPU.Build.0 = Debug|Any CPU
		{B83F3623-7E52-4045-9663-03ECCFC7A7C4}.Release|Any CPU.ActiveCfg = Release|Any CPU
		{B83F3623-7E52-4045-9663-03ECCFC7A7C4}.Release|Any CPU.Build.0 = Release|Any CPU
	EndGlobalSection
	GlobalSection(SolutionProperties) = preSolution
		HideSolutionNode = FALSE
	EndGlobalSection
EndGlobal
